
Microsoft Visual Studio Solution File, Format Version 12.00
# Visual Studio Version 17
VisualStudioVersion = 17.10.34928.147
MinimumVisualStudioVersion = 10.0.40219.1
Project("{FAE04EC0-301F-11D3-BF4B-00C04F79EFBC}") = "Himitsu", "Himitsu\Himitsu.csproj", "{AAE83C4D-36EF-4958-8107-68627DAC9781}"
EndProject
Global
	GlobalSection(SolutionConfigurationPlatforms) = preSolution
		Debug|Any CPU = Debug|Any CPU
		Release|Any CPU = Release|Any CPU
	EndGlobalSection
	GlobalSection(ProjectConfigurationPlatforms) = postSolution
		{AAE83C4D-36EF-4958-8107-68627DAC9781}.Debug|Any CPU.ActiveCfg = Debug|Any CPU
		{AAE83C4D-36EF-4958-8107-68627DAC9781}.Debug|Any CPU.Build.0 = Debug|Any CPU
		{AAE83C4D-36EF-4958-8107-68627DAC9781}.Release|Any CPU.ActiveCfg = Release|Any CPU
		{AAE83C4D-36EF-4958-8107-68627DAC9781}.Release|Any CPU.Build.0 = Release|Any CPU
	EndGlobalSection
	GlobalSection(SolutionProperties) = preSolution
		HideSolutionNode = FALSE
	EndGlobalSection
	GlobalSection(ExtensibilityGlobals) = postSolution
		SolutionGuid = {D97C0D50-57AA-43B9-91C9-BEB58928444A}
	EndGlobalSection
EndGlobal
